
Microsoft Visual Studio Solution File, Format Version 12.00
# Visual Studio Version 16
VisualStudioVersion = 16.0.30523.141
MinimumVisualStudioVersion = 10.0.40219.1
Project("{8BC9CEB8-8B4A-11D0-8D11-00A0C91BC942}") = "2021", "2021\2021.vcxproj", "{4E9B74FE-D694-450E-B2AB-9847364CBF58}"
EndProject
Global
	GlobalSection(SolutionConfigurationPlatforms) = preSolution
		Debug|x64 = Debug|x64
		Debug|x86 = Debug|x86
		Release|x64 = Release|x64
		Release|x86 = Release|x86
	EndGlobalSection
	GlobalSection(ProjectConfigurationPlatforms) = postSolution
		{4E9B74FE-D694-450E-B2AB-9847364CBF58}.Debug|x64.ActiveCfg = Debug|x64
		{4E9B74FE-D694-450E-B2AB-9847364CBF58}.Debug|x64.Build.0 = Debug|x64
		{4E9B74FE-D694-450E-B2AB-9847364CBF58}.Debug|x86.ActiveCfg = Debug|Win32
		{4E9B74FE-D694-450E-B2AB-9847364CBF58}.Debug|x86.Build.0 = Debug|Win32
		{4E9B74FE-D694-450E-B2AB-9847364CBF58}.Release|x64.ActiveCfg = Release|x64
		{4E9B74FE-D694-450E-B2AB-9847364CBF58}.Release|x64.Build.0 = Release|x64
		{4E9B74FE-D694-450E-B2AB-9847364CBF58}.Release|x86.ActiveCfg = Release|Win32
		{4E9B74FE-D694-450E-B2AB-9847364CBF58}.Release|x86.Build.0 = Release|Win32
	EndGlobalSection
	GlobalSection(SolutionProperties) = preSolution
		HideSolutionNode = FALSE
	EndGlobalSection
	GlobalSection(ExtensibilityGlobals) = postSolution
		SolutionGuid = {BED044B5-3E8C-4FEA-8F66-D1FF4007D0F0}
	EndGlobalSection
EndGlobal
